version = 1
requires-python = ">=3.13"

[[package]]
name = "badbach"
version = "0.1.0"
source = { virtual = "." }
dependencies = [
    { name = "mingus" },
]

[package.metadata]
requires-dist = [{ name = "mingus", specifier = ">=0.6.1" }]

[[package]]
name = "mingus"
version = "0.6.1"
source = { registry = "https://pypi.org/simple" }
dependencies = [
    { name = "six" },
]
sdist = { url = "https://files.pythonhosted.org/packages/ff/95/fc02e41d077d7713b4576e480c7f42f8e4610959667f8ab4b8ba511c0422/mingus-0.6.1.tar.gz", hash = "sha256:85ca22469f5b0758585bbc5cd8162bbe4da049ce37d79c144378a922be9faf05", size = 117944 }
wheels = [
    { url = "https://files.pythonhosted.org/packages/38/10/1203d8059ade882b5951cf52afaf594d7a6eda95b0cd7799916e9734b451/mingus-0.6.1-py2.py3-none-any.whl", hash = "sha256:036a85b83d2f5542e2fe8fbfff77d2b29b82527360b1687f9ec7824fcd892f9f", size = 140039 },
]

[[package]]
name = "six"
version = "1.17.0"
source = { registry = "https://pypi.org/simple" }
sdist = { url = "https://files.pythonhosted.org/packages/94/e7/b2c673351809dca68a0e064b6af791aa332cf192da575fd474ed7d6f16a2/six-1.17.0.tar.gz", hash = "sha256:ff70335d468e7eb6ec65b95b99d3a2836546063f63acc5171de367e834932a81", size = 34031 }
wheels = [
    { url = "https://files.pythonhosted.org/packages/b7/ce/149a00dd41f10bc29e5921b496af8b574d8413afcd5e30dfa0ed46c2cc5e/six-1.17.0-py2.py3-none-any.whl", hash = "sha256:4721f391ed90541fddacab5acf947aa0d3dc7d27b2e1e8eda2be8970586c3274", size = 11050 },
]
